{
  "name": "xrtlibrary-async",
  "version": "1.0.14",
  "lockfileVersion": 1,
  "requires": true,
  "dependencies": {
    "xrtlibrary-bughandler": {
      "version": "1.0.2",
      "resolved": "https://registry.npmjs.org/xrtlibrary-bughandler/-/xrtlibrary-bughandler-1.0.2.tgz",
      "integrity": "sha512-r6Zd8prCLwSUC+T77c1gQrrZ2Zt9oSxD+LVKVBQDHXemnjS+f3uPLrDS+Vd3oXiY2aJTMKXhoAt7tirOQst+pg=="
    }
  }
}
