{
  "name": "xrtlibrary-async",
  "version": "1.0.4",
  "lockfileVersion": 1,
  "requires": true,
  "dependencies": {
    "xrtlibrary-priorityqueue": {
      "version": "1.0.1",
      "resolved": "https://registry.npmjs.org/xrtlibrary-priorityqueue/-/xrtlibrary-priorityqueue-1.0.1.tgz",
      "integrity": "sha1-Ui/b+EkbTQBNKoLpAM8UQhQW/K8="
    },
    "xrtlibrary-timer": {
      "version": "1.0.4",
      "resolved": "https://registry.npmjs.org/xrtlibrary-timer/-/xrtlibrary-timer-1.0.4.tgz",
      "integrity": "sha1-AoKmyxDort65Z4xvQbIWHKHjI4Q=",
      "requires": {
        "xrtlibrary-priorityqueue": "^1.0.1",
        "xrtlibrary-timestamp": "^1.0.1"
      }
    },
    "xrtlibrary-timestamp": {
      "version": "1.0.1",
      "resolved": "https://registry.npmjs.org/xrtlibrary-timestamp/-/xrtlibrary-timestamp-1.0.1.tgz",
      "integrity": "sha1-NGYhlkm0HfWD84mkUStU4Csg5R0="
    }
  }
}
