{
  "name": "xrtlibrary-async",
  "version": "1.0.15",
  "lockfileVersion": 1,
  "requires": true,
  "dependencies": {
    "xrtlibrary-bughandler": {
      "version": "1.0.3",
      "resolved": "https://registry.npmjs.org/xrtlibrary-bughandler/-/xrtlibrary-bughandler-1.0.3.tgz",
      "integrity": "sha512-iZaHo5y2IjopmKLeMvDmKGbG7qYv1eb/72eWayfLOTZt/lQXGZq/gzwYffaHpFcQeUCCuJcLxZxJJvovEBq9zQ=="
    }
  }
}
